
Microsoft Visual Studio Solution File, Format Version 12.00
# Visual Studio 2013
VisualStudioVersion = 12.0.40629.0
MinimumVisualStudioVersion = 10.0.40219.1
Project("{FAE04EC0-301F-11D3-BF4B-00C04F79EFBC}") = "TaxCalculator", "TaxCalculator\TaxCalculator.csproj", "{2AF45B39-BAE7-45EF-94BF-72089A7C6770}"
EndProject
Project("{FAE04EC0-301F-11D3-BF4B-00C04F79EFBC}") = "TaxCalculator.Infra", "TaxCalculator.Infra\TaxCalculator.Infra.csproj", "{DC2A1582-CEFD-4474-9B6E-42C9B4A352EA}"
EndProject
Project("{FAE04EC0-301F-11D3-BF4B-00C04F79EFBC}") = "TaxCalculator.Business", "TaxCalculator.Business\TaxCalculator.Business.csproj", "{24A079C4-ADE4-449D-ADE7-A8A81CD1DE9F}"
EndProject
Global
	GlobalSection(SolutionConfigurationPlatforms) = preSolution
		Debug|Any CPU = Debug|Any CPU
		Release|Any CPU = Release|Any CPU
	EndGlobalSection
	GlobalSection(ProjectConfigurationPlatforms) = postSolution
		{2AF45B39-BAE7-45EF-94BF-72089A7C6770}.Debug|Any CPU.ActiveCfg = Debug|Any CPU
		{2AF45B39-BAE7-45EF-94BF-72089A7C6770}.Debug|Any CPU.Build.0 = Debug|Any CPU
		{2AF45B39-BAE7-45EF-94BF-72089A7C6770}.Release|Any CPU.ActiveCfg = Release|Any CPU
		{2AF45B39-BAE7-45EF-94BF-72089A7C6770}.Release|Any CPU.Build.0 = Release|Any CPU
		{DC2A1582-CEFD-4474-9B6E-42C9B4A352EA}.Debug|Any CPU.ActiveCfg = Debug|Any CPU
		{DC2A1582-CEFD-4474-9B6E-42C9B4A352EA}.Debug|Any CPU.Build.0 = Debug|Any CPU
		{DC2A1582-CEFD-4474-9B6E-42C9B4A352EA}.Release|Any CPU.ActiveCfg = Release|Any CPU
		{DC2A1582-CEFD-4474-9B6E-42C9B4A352EA}.Release|Any CPU.Build.0 = Release|Any CPU
		{24A079C4-ADE4-449D-ADE7-A8A81CD1DE9F}.Debug|Any CPU.ActiveCfg = Debug|Any CPU
		{24A079C4-ADE4-449D-ADE7-A8A81CD1DE9F}.Debug|Any CPU.Build.0 = Debug|Any CPU
		{24A079C4-ADE4-449D-ADE7-A8A81CD1DE9F}.Release|Any CPU.ActiveCfg = Release|Any CPU
		{24A079C4-ADE4-449D-ADE7-A8A81CD1DE9F}.Release|Any CPU.Build.0 = Release|Any CPU
	EndGlobalSection
	GlobalSection(SolutionProperties) = preSolution
		HideSolutionNode = FALSE
	EndGlobalSection
EndGlobal
